// !$*UTF8*$!
{
	archiveVersion = 1;
	classes = {
	};
	objectVersion = 56;
	objects = {

/* Begin PBXBuildFile section */
		2705301E2978B4FB003D4C93 /* Heap-T3st.cc in Sources */ = {isa = PBXBuildFile; fileRef = 2705301D2978B4FB003D4C93 /* Heap-T3st.cc */; };
		270530202978B556003D4C93 /* TestsMain.cc in Sources */ = {isa = PBXBuildFile; fileRef = 2705301F2978B556003D4C93 /* TestsMain.cc */; };
		27733D02297B38CB00EDA2E9 /* oldmain.cpp in Sources */ = {isa = PBXBuildFile; fileRef = 27AA27F22970833900BF17A5 /* oldmain.cpp */; };
		27733D04297B39D300EDA2E9 /* ObjectTests.cc in Sources */ = {isa = PBXBuildFile; fileRef = 27733D03297B39D300EDA2E9 /* ObjectTests.cc */; };
		27733D0D297C6E1100EDA2E9 /* SymbolTable.cc in Sources */ = {isa = PBXBuildFile; fileRef = 27733D0C297C6E1100EDA2E9 /* SymbolTable.cc */; };
		27AA27FB2970835E00BF17A5 /* Heap.cc in Sources */ = {isa = PBXBuildFile; fileRef = 27AA27FA2970835E00BF17A5 /* Heap.cc */; };
		27AA27FE2970BFF300BF17A5 /* Val.cc in Sources */ = {isa = PBXBuildFile; fileRef = 27AA27FD2970BFF300BF17A5 /* Val.cc */; };
		27AA28012970C04900BF17A5 /* Collections.cc in Sources */ = {isa = PBXBuildFile; fileRef = 27AA28002970C04900BF17A5 /* Collections.cc */; };
/* End PBXBuildFile section */

/* Begin PBXCopyFilesBuildPhase section */
		27AA27ED2970833900BF17A5 /* CopyFiles */ = {
			isa = PBXCopyFilesBuildPhase;
			buildActionMask = 2147483647;
			dstPath = /usr/share/man/man1/;
			dstSubfolderSpec = 0;
			files = (
			);
			runOnlyForDeploymentPostprocessing = 1;
		};
/* End PBXCopyFilesBuildPhase section */

/* Begin PBXFileReference section */
		2705301129776C46003D4C93 /* Collections.hh */ = {isa = PBXFileReference; lastKnownFileType = sourcecode.cpp.h; path = Collections.hh; sourceTree = "<group>"; };
		2705301429776CB2003D4C93 /* smol_world.hh */ = {isa = PBXFileReference; lastKnownFileType = sourcecode.cpp.h; path = smol_world.hh; sourceTree = "<group>"; };
		2705301D2978B4FB003D4C93 /* Heap-T3st.cc */ = {isa = PBXFileReference; lastKnownFileType = sourcecode.cpp.cpp; path = "Heap-T3st.cc"; sourceTree = "<group>"; };
		2705301F2978B556003D4C93 /* TestsMain.cc */ = {isa = PBXFileReference; fileEncoding = 4; lastKnownFileType = sourcecode.cpp.cpp; name = TestsMain.cc; path = ../../tendril/test/TestsMain.cc; sourceTree = "<group>"; };
		271EF2FE2979BF5A0074F2D8 /* Symbol.hh */ = {isa = PBXFileReference; lastKnownFileType = sourcecode.cpp.h; path = Symbol.hh; sourceTree = "<group>"; };
		2770B1AB297F1E7A00E2C126 /* Block.hh */ = {isa = PBXFileReference; lastKnownFileType = sourcecode.cpp.h; path = Block.hh; sourceTree = "<group>"; };
		2770B1AC297F1EDD00E2C126 /* slice.hh */ = {isa = PBXFileReference; lastKnownFileType = sourcecode.cpp.h; path = slice.hh; sourceTree = "<group>"; };
		27733D03297B39D300EDA2E9 /* ObjectTests.cc */ = {isa = PBXFileReference; lastKnownFileType = sourcecode.cpp.cpp; path = ObjectTests.cc; sourceTree = "<group>"; };
		27733D06297B51E200EDA2E9 /* wyhash32.h */ = {isa = PBXFileReference; lastKnownFileType = sourcecode.c.h; path = wyhash32.h; sourceTree = "<group>"; };
		27733D07297B51E200EDA2E9 /* README.md */ = {isa = PBXFileReference; lastKnownFileType = net.daringfireball.markdown; path = README.md; sourceTree = "<group>"; };
		27733D08297B51E200EDA2E9 /* wyhash.h */ = {isa = PBXFileReference; lastKnownFileType = sourcecode.c.h; path = wyhash.h; sourceTree = "<group>"; };
		27733D09297B520200EDA2E9 /* CaseListReporter.hh */ = {isa = PBXFileReference; lastKnownFileType = sourcecode.cpp.h; path = CaseListReporter.hh; sourceTree = "<group>"; };
		27733D0A297B520200EDA2E9 /* catch.hpp */ = {isa = PBXFileReference; lastKnownFileType = sourcecode.cpp.h; path = catch.hpp; sourceTree = "<group>"; };
		27733D0B297C6E1100EDA2E9 /* SymbolTable.hh */ = {isa = PBXFileReference; lastKnownFileType = sourcecode.cpp.h; path = SymbolTable.hh; sourceTree = "<group>"; };
		27733D0C297C6E1100EDA2E9 /* SymbolTable.cc */ = {isa = PBXFileReference; lastKnownFileType = sourcecode.cpp.cpp; path = SymbolTable.cc; sourceTree = "<group>"; };
		27AA27EF2970833900BF17A5 /* Tests */ = {isa = PBXFileReference; explicitFileType = "compiled.mach-o.executable"; includeInIndex = 0; path = Tests; sourceTree = BUILT_PRODUCTS_DIR; };
		27AA27F22970833900BF17A5 /* oldmain.cpp */ = {isa = PBXFileReference; lastKnownFileType = sourcecode.cpp.cpp; path = oldmain.cpp; sourceTree = "<group>"; };
		27AA27F92970835E00BF17A5 /* Heap.hh */ = {isa = PBXFileReference; lastKnownFileType = sourcecode.cpp.h; path = Heap.hh; sourceTree = "<group>"; };
		27AA27FA2970835E00BF17A5 /* Heap.cc */ = {isa = PBXFileReference; lastKnownFileType = sourcecode.cpp.cpp; path = Heap.cc; sourceTree = "<group>"; };
		27AA27FC2970BFF300BF17A5 /* Val.hh */ = {isa = PBXFileReference; lastKnownFileType = sourcecode.cpp.h; path = Val.hh; sourceTree = "<group>"; };
		27AA27FD2970BFF300BF17A5 /* Val.cc */ = {isa = PBXFileReference; lastKnownFileType = sourcecode.cpp.cpp; path = Val.cc; sourceTree = "<group>"; };
		27AA27FF2970C04900BF17A5 /* Object.hh */ = {isa = PBXFileReference; lastKnownFileType = sourcecode.cpp.h; path = Object.hh; sourceTree = "<group>"; };
		27AA28002970C04900BF17A5 /* Collections.cc */ = {isa = PBXFileReference; lastKnownFileType = sourcecode.cpp.cpp; path = Collections.cc; sourceTree = "<group>"; };
		27AA28052971D73700BF17A5 /* Ptr.hh */ = {isa = PBXFileReference; lastKnownFileType = sourcecode.cpp.h; path = Ptr.hh; sourceTree = "<group>"; };
		27AA28082973859D00BF17A5 /* README.md */ = {isa = PBXFileReference; fileEncoding = 4; lastKnownFileType = net.daringfireball.markdown; path = README.md; sourceTree = "<group>"; };
/* End PBXFileReference section */

/* Begin PBXFrameworksBuildPhase section */
		27AA27EC2970833900BF17A5 /* Frameworks */ = {
			isa = PBXFrameworksBuildPhase;
			buildActionMask = 2147483647;
			files = (
			);
			runOnlyForDeploymentPostprocessing = 0;
		};
/* End PBXFrameworksBuildPhase section */

/* Begin PBXGroup section */
		2705301529777A80003D4C93 /* src */ = {
			isa = PBXGroup;
			children = (
				27AA27FA2970835E00BF17A5 /* Heap.cc */,
				27AA27FD2970BFF300BF17A5 /* Val.cc */,
				27AA28002970C04900BF17A5 /* Collections.cc */,
				27733D0B297C6E1100EDA2E9 /* SymbolTable.hh */,
				27733D0C297C6E1100EDA2E9 /* SymbolTable.cc */,
			);
			path = src;
			sourceTree = "<group>";
		};
		270530182978B44E003D4C93 /* vendor */ = {
			isa = PBXGroup;
			children = (
				27733D05297B51E200EDA2E9 /* wyhash */,
				270530192978B4A6003D4C93 /* catch */,
			);
			path = vendor;
			sourceTree = "<group>";
		};
		270530192978B4A6003D4C93 /* catch */ = {
			isa = PBXGroup;
			children = (
				27733D09297B520200EDA2E9 /* CaseListReporter.hh */,
				27733D0A297B520200EDA2E9 /* catch.hpp */,
			);
			path = catch;
			sourceTree = "<group>";
		};
		2705301C2978B4D9003D4C93 /* tests */ = {
			isa = PBXGroup;
			children = (
				2705301D2978B4FB003D4C93 /* Heap-T3st.cc */,
				27733D03297B39D300EDA2E9 /* ObjectTests.cc */,
				2705301F2978B556003D4C93 /* TestsMain.cc */,
				27AA27F22970833900BF17A5 /* oldmain.cpp */,
			);
			path = tests;
			sourceTree = "<group>";
		};
		27733D05297B51E200EDA2E9 /* wyhash */ = {
			isa = PBXGroup;
			children = (
				27733D08297B51E200EDA2E9 /* wyhash.h */,
				27733D06297B51E200EDA2E9 /* wyhash32.h */,
				27733D07297B51E200EDA2E9 /* README.md */,
			);
			path = wyhash;
			sourceTree = "<group>";
		};
		27AA27E62970833900BF17A5 = {
			isa = PBXGroup;
			children = (
				27AA28082973859D00BF17A5 /* README.md */,
				27AA27F12970833900BF17A5 /* include */,
				2705301529777A80003D4C93 /* src */,
				2705301C2978B4D9003D4C93 /* tests */,
				270530182978B44E003D4C93 /* vendor */,
				27AA27F02970833900BF17A5 /* Products */,
			);
			sourceTree = "<group>";
		};
		27AA27F02970833900BF17A5 /* Products */ = {
			isa = PBXGroup;
			children = (
				27AA27EF2970833900BF17A5 /* Tests */,
			);
			name = Products;
			sourceTree = "<group>";
		};
		27AA27F12970833900BF17A5 /* include */ = {
			isa = PBXGroup;
			children = (
				2705301429776CB2003D4C93 /* smol_world.hh */,
				2770B1AC297F1EDD00E2C126 /* slice.hh */,
				27AA27F92970835E00BF17A5 /* Heap.hh */,
				2770B1AB297F1E7A00E2C126 /* Block.hh */,
				27AA27FF2970C04900BF17A5 /* Object.hh */,
				2705301129776C46003D4C93 /* Collections.hh */,
				271EF2FE2979BF5A0074F2D8 /* Symbol.hh */,
				27AA27FC2970BFF300BF17A5 /* Val.hh */,
				27AA28052971D73700BF17A5 /* Ptr.hh */,
			);
			path = include;
			sourceTree = "<group>";
		};
/* End PBXGroup section */

/* Begin PBXNativeTarget section */
		27AA27EE2970833900BF17A5 /* Tests */ = {
			isa = PBXNativeTarget;
			buildConfigurationList = 27AA27F62970833900BF17A5 /* Build configuration list for PBXNativeTarget "Tests" */;
			buildPhases = (
				27AA27EB2970833900BF17A5 /* Sources */,
				27AA27EC2970833900BF17A5 /* Frameworks */,
				27AA27ED2970833900BF17A5 /* CopyFiles */,
			);
			buildRules = (
			);
			dependencies = (
			);
			name = Tests;
			productName = DataWorld;
			productReference = 27AA27EF2970833900BF17A5 /* Tests */;
			productType = "com.apple.product-type.tool";
		};
/* End PBXNativeTarget section */

/* Begin PBXProject section */
		27AA27E72970833900BF17A5 /* Project object */ = {
			isa = PBXProject;
			attributes = {
				BuildIndependentTargetsInParallel = 1;
				LastUpgradeCheck = 1420;
				ORGANIZATIONNAME = "Jens Alfke";
				TargetAttributes = {
					27AA27EE2970833900BF17A5 = {
						CreatedOnToolsVersion = 14.2;
					};
				};
			};
			buildConfigurationList = 27AA27EA2970833900BF17A5 /* Build configuration list for PBXProject "smol_world" */;
			compatibilityVersion = "Xcode 14.0";
			developmentRegion = en;
			hasScannedForEncodings = 0;
			knownRegions = (
				en,
				Base,
			);
			mainGroup = 27AA27E62970833900BF17A5;
			productRefGroup = 27AA27F02970833900BF17A5 /* Products */;
			projectDirPath = "";
			projectRoot = "";
			targets = (
				27AA27EE2970833900BF17A5 /* Tests */,
			);
		};
/* End PBXProject section */

/* Begin PBXSourcesBuildPhase section */
		27AA27EB2970833900BF17A5 /* Sources */ = {
			isa = PBXSourcesBuildPhase;
			buildActionMask = 2147483647;
			files = (
				27AA27FB2970835E00BF17A5 /* Heap.cc in Sources */,
				27AA27FE2970BFF300BF17A5 /* Val.cc in Sources */,
				27AA28012970C04900BF17A5 /* Collections.cc in Sources */,
				27733D0D297C6E1100EDA2E9 /* SymbolTable.cc in Sources */,
				27733D02297B38CB00EDA2E9 /* oldmain.cpp in Sources */,
				2705301E2978B4FB003D4C93 /* Heap-T3st.cc in Sources */,
				27733D04297B39D300EDA2E9 /* ObjectTests.cc in Sources */,
				270530202978B556003D4C93 /* TestsMain.cc in Sources */,
			);
			runOnlyForDeploymentPostprocessing = 0;
		};
/* End PBXSourcesBuildPhase section */

/* Begin XCBuildConfiguration section */
		27AA27F42970833900BF17A5 /* Debug */ = {
			isa = XCBuildConfiguration;
			buildSettings = {
				ALWAYS_SEARCH_USER_PATHS = NO;
				CLANG_ANALYZER_NONNULL = YES;
				CLANG_ANALYZER_NUMBER_OBJECT_CONVERSION = YES_AGGRESSIVE;
				CLANG_CXX_LANGUAGE_STANDARD = "gnu++20";
				CLANG_ENABLE_MODULES = YES;
				CLANG_ENABLE_OBJC_ARC = YES;
				CLANG_ENABLE_OBJC_WEAK = YES;
				CLANG_UNDEFINED_BEHAVIOR_SANITIZER_NULLABILITY = YES;
				CLANG_WARN_BLOCK_CAPTURE_AUTORELEASING = YES;
				CLANG_WARN_BOOL_CONVERSION = YES;
				CLANG_WARN_COMMA = YES;
				CLANG_WARN_CONSTANT_CONVERSION = YES;
				CLANG_WARN_DEPRECATED_OBJC_IMPLEMENTATIONS = YES;
				CLANG_WARN_DIRECT_OBJC_ISA_USAGE = YES_ERROR;
				CLANG_WARN_DOCUMENTATION_COMMENTS = YES;
				CLANG_WARN_EMPTY_BODY = YES;
				CLANG_WARN_ENUM_CONVERSION = YES;
				CLANG_WARN_INFINITE_RECURSION = YES;
				CLANG_WARN_INT_CONVERSION = YES;
				CLANG_WARN_NON_LITERAL_NULL_CONVERSION = YES;
				CLANG_WARN_OBJC_IMPLICIT_RETAIN_SELF = YES;
				CLANG_WARN_OBJC_LITERAL_CONVERSION = YES;
				CLANG_WARN_OBJC_ROOT_CLASS = YES_ERROR;
				CLANG_WARN_QUOTED_INCLUDE_IN_FRAMEWORK_HEADER = YES;
				CLANG_WARN_RANGE_LOOP_ANALYSIS = YES;
				CLANG_WARN_STRICT_PROTOTYPES = YES;
				CLANG_WARN_SUSPICIOUS_MOVE = YES;
				CLANG_WARN_UNGUARDED_AVAILABILITY = YES_AGGRESSIVE;
				CLANG_WARN_UNREACHABLE_CODE = YES;
				CLANG_WARN__DUPLICATE_METHOD_MATCH = YES;
				COPY_PHASE_STRIP = NO;
				DEBUG_INFORMATION_FORMAT = dwarf;
				ENABLE_STRICT_OBJC_MSGSEND = YES;
				ENABLE_TESTABILITY = YES;
				GCC_C_LANGUAGE_STANDARD = gnu11;
				GCC_DYNAMIC_NO_PIC = NO;
				GCC_NO_COMMON_BLOCKS = YES;
				GCC_OPTIMIZATION_LEVEL = 0;
				GCC_PREPROCESSOR_DEFINITIONS = (
					"DEBUG=1",
					"$(inherited)",
				);
				GCC_TREAT_WARNINGS_AS_ERRORS = YES;
				GCC_WARN_64_TO_32_BIT_CONVERSION = YES;
				GCC_WARN_ABOUT_RETURN_TYPE = YES_ERROR;
				GCC_WARN_PEDANTIC = YES;
				GCC_WARN_UNDECLARED_SELECTOR = YES;
				GCC_WARN_UNINITIALIZED_AUTOS = YES_AGGRESSIVE;
				GCC_WARN_UNUSED_FUNCTION = YES;
				GCC_WARN_UNUSED_VARIABLE = YES;
				LD_MAP_FILE_PATH = "$(CONFIGURATION_BUILD_DIR)/$(PRODUCT_NAME)-LinkMap-$(CURRENT_ARCH).txt";
				MACOSX_DEPLOYMENT_TARGET = 13.1;
				MTL_ENABLE_DEBUG_INFO = INCLUDE_SOURCE;
				MTL_FAST_MATH = YES;
				ONLY_ACTIVE_ARCH = YES;
				OTHER_CFLAGS = "-fno-sanitize=alignment";
				SDKROOT = macosx;
			};
			name = Debug;
		};
		27AA27F52970833900BF17A5 /* Release */ = {
			isa = XCBuildConfiguration;
			buildSettings = {
				ALWAYS_SEARCH_USER_PATHS = NO;
				CLANG_ANALYZER_NONNULL = YES;
				CLANG_ANALYZER_NUMBER_OBJECT_CONVERSION = YES_AGGRESSIVE;
				CLANG_CXX_LANGUAGE_STANDARD = "gnu++20";
				CLANG_ENABLE_MODULES = YES;
				CLANG_ENABLE_OBJC_ARC = YES;
				CLANG_ENABLE_OBJC_WEAK = YES;
				CLANG_UNDEFINED_BEHAVIOR_SANITIZER_NULLABILITY = YES;
				CLANG_WARN_BLOCK_CAPTURE_AUTORELEASING = YES;
				CLANG_WARN_BOOL_CONVERSION = YES;
				CLANG_WARN_COMMA = YES;
				CLANG_WARN_CONSTANT_CONVERSION = YES;
				CLANG_WARN_DEPRECATED_OBJC_IMPLEMENTATIONS = YES;
				CLANG_WARN_DIRECT_OBJC_ISA_USAGE = YES_ERROR;
				CLANG_WARN_DOCUMENTATION_COMMENTS = YES;
				CLANG_WARN_EMPTY_BODY = YES;
				CLANG_WARN_ENUM_CONVERSION = YES;
				CLANG_WARN_INFINITE_RECURSION = YES;
				CLANG_WARN_INT_CONVERSION = YES;
				CLANG_WARN_NON_LITERAL_NULL_CONVERSION = YES;
				CLANG_WARN_OBJC_IMPLICIT_RETAIN_SELF = YES;
				CLANG_WARN_OBJC_LITERAL_CONVERSION = YES;
				CLANG_WARN_OBJC_ROOT_CLASS = YES_ERROR;
				CLANG_WARN_QUOTED_INCLUDE_IN_FRAMEWORK_HEADER = YES;
				CLANG_WARN_RANGE_LOOP_ANALYSIS = YES;
				CLANG_WARN_STRICT_PROTOTYPES = YES;
				CLANG_WARN_SUSPICIOUS_MOVE = YES;
				CLANG_WARN_UNGUARDED_AVAILABILITY = YES_AGGRESSIVE;
				CLANG_WARN_UNREACHABLE_CODE = YES;
				CLANG_WARN__DUPLICATE_METHOD_MATCH = YES;
				COPY_PHASE_STRIP = NO;
				DEAD_CODE_STRIPPING = YES;
				DEBUG_INFORMATION_FORMAT = "dwarf-with-dsym";
				ENABLE_NS_ASSERTIONS = NO;
				ENABLE_STRICT_OBJC_MSGSEND = YES;
				GCC_C_LANGUAGE_STANDARD = gnu11;
				GCC_NO_COMMON_BLOCKS = YES;
				GCC_TREAT_WARNINGS_AS_ERRORS = YES;
				GCC_WARN_64_TO_32_BIT_CONVERSION = YES;
				GCC_WARN_ABOUT_RETURN_TYPE = YES_ERROR;
				GCC_WARN_PEDANTIC = YES;
				GCC_WARN_UNDECLARED_SELECTOR = YES;
				GCC_WARN_UNINITIALIZED_AUTOS = YES_AGGRESSIVE;
				GCC_WARN_UNUSED_FUNCTION = YES;
				GCC_WARN_UNUSED_VARIABLE = YES;
				LD_MAP_FILE_PATH = "$(CONFIGURATION_BUILD_DIR)/$(PRODUCT_NAME)-LinkMap-$(CURRENT_ARCH).txt";
				LLVM_LTO = YES;
				MACOSX_DEPLOYMENT_TARGET = 13.1;
				MTL_ENABLE_DEBUG_INFO = NO;
				MTL_FAST_MATH = YES;
				OTHER_CFLAGS = "-fno-sanitize=alignment";
				SDKROOT = macosx;
			};
			name = Release;
		};
		27AA27F72970833900BF17A5 /* Debug */ = {
			isa = XCBuildConfiguration;
			buildSettings = {
				CODE_SIGN_STYLE = Automatic;
				DEVELOPMENT_TEAM = Z62S7RW88Y;
				ENABLE_HARDENED_RUNTIME = YES;
				GCC_ENABLE_CPP_EXCEPTIONS = YES;
				GCC_ENABLE_CPP_RTTI = NO;
				LD_GENERATE_MAP_FILE = NO;
				PRODUCT_NAME = "$(TARGET_NAME)";
			};
			name = Debug;
		};
		27AA27F82970833900BF17A5 /* Release */ = {
			isa = XCBuildConfiguration;
			buildSettings = {
				CODE_SIGN_STYLE = Automatic;
				DEVELOPMENT_TEAM = Z62S7RW88Y;
				ENABLE_HARDENED_RUNTIME = YES;
				GCC_ENABLE_CPP_EXCEPTIONS = YES;
				GCC_ENABLE_CPP_RTTI = NO;
				LD_GENERATE_MAP_FILE = YES;
				PRODUCT_NAME = "$(TARGET_NAME)";
			};
			name = Release;
		};
/* End XCBuildConfiguration section */

/* Begin XCConfigurationList section */
		27AA27EA2970833900BF17A5 /* Build configuration list for PBXProject "smol_world" */ = {
			isa = XCConfigurationList;
			buildConfigurations = (
				27AA27F42970833900BF17A5 /* Debug */,
				27AA27F52970833900BF17A5 /* Release */,
			);
			defaultConfigurationIsVisible = 0;
			defaultConfigurationName = Release;
		};
		27AA27F62970833900BF17A5 /* Build configuration list for PBXNativeTarget "Tests" */ = {
			isa = XCConfigurationList;
			buildConfigurations = (
				27AA27F72970833900BF17A5 /* Debug */,
				27AA27F82970833900BF17A5 /* Release */,
			);
			defaultConfigurationIsVisible = 0;
			defaultConfigurationName = Release;
		};
/* End XCConfigurationList section */
	};
	rootObject = 27AA27E72970833900BF17A5 /* Project object */;
}
