// !$*UTF8*$!
{
	archiveVersion = 1;
	classes = {
	};
	objectVersion = 56;
	objects = {

/* Begin PBXBuildFile section */
		27AA27F32970833900BF17A5 /* main.cpp in Sources */ = {isa = PBXBuildFile; fileRef = 27AA27F22970833900BF17A5 /* main.cpp */; };
		27AA27FB2970835E00BF17A5 /* Heap.cc in Sources */ = {isa = PBXBuildFile; fileRef = 27AA27FA2970835E00BF17A5 /* Heap.cc */; };
		27AA27FE2970BFF300BF17A5 /* Val.cc in Sources */ = {isa = PBXBuildFile; fileRef = 27AA27FD2970BFF300BF17A5 /* Val.cc */; };
		27AA28012970C04900BF17A5 /* Objects.cc in Sources */ = {isa = PBXBuildFile; fileRef = 27AA28002970C04900BF17A5 /* Objects.cc */; };
/* End PBXBuildFile section */

/* Begin PBXCopyFilesBuildPhase section */
		27AA27ED2970833900BF17A5 /* CopyFiles */ = {
			isa = PBXCopyFilesBuildPhase;
			buildActionMask = 2147483647;
			dstPath = /usr/share/man/man1/;
			dstSubfolderSpec = 0;
			files = (
			);
			runOnlyForDeploymentPostprocessing = 1;
		};
/* End PBXCopyFilesBuildPhase section */

/* Begin PBXFileReference section */
		27AA27EF2970833900BF17A5 /* smol_world */ = {isa = PBXFileReference; explicitFileType = "compiled.mach-o.executable"; includeInIndex = 0; path = smol_world; sourceTree = BUILT_PRODUCTS_DIR; };
		27AA27F22970833900BF17A5 /* main.cpp */ = {isa = PBXFileReference; lastKnownFileType = sourcecode.cpp.cpp; path = main.cpp; sourceTree = "<group>"; };
		27AA27F92970835E00BF17A5 /* Heap.hh */ = {isa = PBXFileReference; lastKnownFileType = sourcecode.cpp.h; path = Heap.hh; sourceTree = "<group>"; };
		27AA27FA2970835E00BF17A5 /* Heap.cc */ = {isa = PBXFileReference; lastKnownFileType = sourcecode.cpp.cpp; path = Heap.cc; sourceTree = "<group>"; };
		27AA27FC2970BFF300BF17A5 /* Val.hh */ = {isa = PBXFileReference; lastKnownFileType = sourcecode.cpp.h; path = Val.hh; sourceTree = "<group>"; };
		27AA27FD2970BFF300BF17A5 /* Val.cc */ = {isa = PBXFileReference; lastKnownFileType = sourcecode.cpp.cpp; path = Val.cc; sourceTree = "<group>"; };
		27AA27FF2970C04900BF17A5 /* Objects.hh */ = {isa = PBXFileReference; lastKnownFileType = sourcecode.cpp.h; path = Objects.hh; sourceTree = "<group>"; };
		27AA28002970C04900BF17A5 /* Objects.cc */ = {isa = PBXFileReference; lastKnownFileType = sourcecode.cpp.cpp; path = Objects.cc; sourceTree = "<group>"; };
		27AA28052971D73700BF17A5 /* Ptr.hh */ = {isa = PBXFileReference; lastKnownFileType = sourcecode.cpp.h; path = Ptr.hh; sourceTree = "<group>"; };
		27AA28082973859D00BF17A5 /* README.md */ = {isa = PBXFileReference; fileEncoding = 4; lastKnownFileType = net.daringfireball.markdown; path = README.md; sourceTree = "<group>"; };
/* End PBXFileReference section */

/* Begin PBXFrameworksBuildPhase section */
		27AA27EC2970833900BF17A5 /* Frameworks */ = {
			isa = PBXFrameworksBuildPhase;
			buildActionMask = 2147483647;
			files = (
			);
			runOnlyForDeploymentPostprocessing = 0;
		};
/* End PBXFrameworksBuildPhase section */

/* Begin PBXGroup section */
		27AA27E62970833900BF17A5 = {
			isa = PBXGroup;
			children = (
				27AA28082973859D00BF17A5 /* README.md */,
				27AA27F12970833900BF17A5 /* smol_world */,
				27AA27F02970833900BF17A5 /* Products */,
			);
			sourceTree = "<group>";
		};
		27AA27F02970833900BF17A5 /* Products */ = {
			isa = PBXGroup;
			children = (
				27AA27EF2970833900BF17A5 /* smol_world */,
			);
			name = Products;
			sourceTree = "<group>";
		};
		27AA27F12970833900BF17A5 /* smol_world */ = {
			isa = PBXGroup;
			children = (
				27AA27F22970833900BF17A5 /* main.cpp */,
				27AA27F92970835E00BF17A5 /* Heap.hh */,
				27AA27FA2970835E00BF17A5 /* Heap.cc */,
				27AA27FC2970BFF300BF17A5 /* Val.hh */,
				27AA27FD2970BFF300BF17A5 /* Val.cc */,
				27AA27FF2970C04900BF17A5 /* Objects.hh */,
				27AA28002970C04900BF17A5 /* Objects.cc */,
				27AA28052971D73700BF17A5 /* Ptr.hh */,
			);
			path = smol_world;
			sourceTree = "<group>";
		};
/* End PBXGroup section */

/* Begin PBXNativeTarget section */
		27AA27EE2970833900BF17A5 /* smol_world */ = {
			isa = PBXNativeTarget;
			buildConfigurationList = 27AA27F62970833900BF17A5 /* Build configuration list for PBXNativeTarget "smol_world" */;
			buildPhases = (
				27AA27EB2970833900BF17A5 /* Sources */,
				27AA27EC2970833900BF17A5 /* Frameworks */,
				27AA27ED2970833900BF17A5 /* CopyFiles */,
			);
			buildRules = (
			);
			dependencies = (
			);
			name = smol_world;
			productName = DataWorld;
			productReference = 27AA27EF2970833900BF17A5 /* smol_world */;
			productType = "com.apple.product-type.tool";
		};
/* End PBXNativeTarget section */

/* Begin PBXProject section */
		27AA27E72970833900BF17A5 /* Project object */ = {
			isa = PBXProject;
			attributes = {
				BuildIndependentTargetsInParallel = 1;
				LastUpgradeCheck = 1420;
				ORGANIZATIONNAME = "Jens Alfke";
				TargetAttributes = {
					27AA27EE2970833900BF17A5 = {
						CreatedOnToolsVersion = 14.2;
					};
				};
			};
			buildConfigurationList = 27AA27EA2970833900BF17A5 /* Build configuration list for PBXProject "smol_world" */;
			compatibilityVersion = "Xcode 14.0";
			developmentRegion = en;
			hasScannedForEncodings = 0;
			knownRegions = (
				en,
				Base,
			);
			mainGroup = 27AA27E62970833900BF17A5;
			productRefGroup = 27AA27F02970833900BF17A5 /* Products */;
			projectDirPath = "";
			projectRoot = "";
			targets = (
				27AA27EE2970833900BF17A5 /* smol_world */,
			);
		};
/* End PBXProject section */

/* Begin PBXSourcesBuildPhase section */
		27AA27EB2970833900BF17A5 /* Sources */ = {
			isa = PBXSourcesBuildPhase;
			buildActionMask = 2147483647;
			files = (
				27AA28012970C04900BF17A5 /* Objects.cc in Sources */,
				27AA27FE2970BFF300BF17A5 /* Val.cc in Sources */,
				27AA27F32970833900BF17A5 /* main.cpp in Sources */,
				27AA27FB2970835E00BF17A5 /* Heap.cc in Sources */,
			);
			runOnlyForDeploymentPostprocessing = 0;
		};
/* End PBXSourcesBuildPhase section */

/* Begin XCBuildConfiguration section */
		27AA27F42970833900BF17A5 /* Debug */ = {
			isa = XCBuildConfiguration;
			buildSettings = {
				ALWAYS_SEARCH_USER_PATHS = NO;
				CLANG_ANALYZER_NONNULL = YES;
				CLANG_ANALYZER_NUMBER_OBJECT_CONVERSION = YES_AGGRESSIVE;
				CLANG_CXX_LANGUAGE_STANDARD = "gnu++20";
				CLANG_ENABLE_MODULES = YES;
				CLANG_ENABLE_OBJC_ARC = YES;
				CLANG_ENABLE_OBJC_WEAK = YES;
				CLANG_WARN_BLOCK_CAPTURE_AUTORELEASING = YES;
				CLANG_WARN_BOOL_CONVERSION = YES;
				CLANG_WARN_COMMA = YES;
				CLANG_WARN_CONSTANT_CONVERSION = YES;
				CLANG_WARN_DEPRECATED_OBJC_IMPLEMENTATIONS = YES;
				CLANG_WARN_DIRECT_OBJC_ISA_USAGE = YES_ERROR;
				CLANG_WARN_DOCUMENTATION_COMMENTS = YES;
				CLANG_WARN_EMPTY_BODY = YES;
				CLANG_WARN_ENUM_CONVERSION = YES;
				CLANG_WARN_INFINITE_RECURSION = YES;
				CLANG_WARN_INT_CONVERSION = YES;
				CLANG_WARN_NON_LITERAL_NULL_CONVERSION = YES;
				CLANG_WARN_OBJC_IMPLICIT_RETAIN_SELF = YES;
				CLANG_WARN_OBJC_LITERAL_CONVERSION = YES;
				CLANG_WARN_OBJC_ROOT_CLASS = YES_ERROR;
				CLANG_WARN_QUOTED_INCLUDE_IN_FRAMEWORK_HEADER = YES;
				CLANG_WARN_RANGE_LOOP_ANALYSIS = YES;
				CLANG_WARN_STRICT_PROTOTYPES = YES;
				CLANG_WARN_SUSPICIOUS_MOVE = YES;
				CLANG_WARN_UNGUARDED_AVAILABILITY = YES_AGGRESSIVE;
				CLANG_WARN_UNREACHABLE_CODE = YES;
				CLANG_WARN__DUPLICATE_METHOD_MATCH = YES;
				COPY_PHASE_STRIP = NO;
				DEBUG_INFORMATION_FORMAT = dwarf;
				ENABLE_STRICT_OBJC_MSGSEND = YES;
				ENABLE_TESTABILITY = YES;
				GCC_C_LANGUAGE_STANDARD = gnu11;
				GCC_DYNAMIC_NO_PIC = NO;
				GCC_NO_COMMON_BLOCKS = YES;
				GCC_OPTIMIZATION_LEVEL = 0;
				GCC_PREPROCESSOR_DEFINITIONS = (
					"DEBUG=1",
					"$(inherited)",
				);
				GCC_WARN_64_TO_32_BIT_CONVERSION = YES;
				GCC_WARN_ABOUT_RETURN_TYPE = YES_ERROR;
				GCC_WARN_UNDECLARED_SELECTOR = YES;
				GCC_WARN_UNINITIALIZED_AUTOS = YES_AGGRESSIVE;
				GCC_WARN_UNUSED_FUNCTION = YES;
				GCC_WARN_UNUSED_VARIABLE = YES;
				MACOSX_DEPLOYMENT_TARGET = 13.1;
				MTL_ENABLE_DEBUG_INFO = INCLUDE_SOURCE;
				MTL_FAST_MATH = YES;
				ONLY_ACTIVE_ARCH = YES;
				SDKROOT = macosx;
			};
			name = Debug;
		};
		27AA27F52970833900BF17A5 /* Release */ = {
			isa = XCBuildConfiguration;
			buildSettings = {
				ALWAYS_SEARCH_USER_PATHS = NO;
				CLANG_ANALYZER_NONNULL = YES;
				CLANG_ANALYZER_NUMBER_OBJECT_CONVERSION = YES_AGGRESSIVE;
				CLANG_CXX_LANGUAGE_STANDARD = "gnu++20";
				CLANG_ENABLE_MODULES = YES;
				CLANG_ENABLE_OBJC_ARC = YES;
				CLANG_ENABLE_OBJC_WEAK = YES;
				CLANG_WARN_BLOCK_CAPTURE_AUTORELEASING = YES;
				CLANG_WARN_BOOL_CONVERSION = YES;
				CLANG_WARN_COMMA = YES;
				CLANG_WARN_CONSTANT_CONVERSION = YES;
				CLANG_WARN_DEPRECATED_OBJC_IMPLEMENTATIONS = YES;
				CLANG_WARN_DIRECT_OBJC_ISA_USAGE = YES_ERROR;
				CLANG_WARN_DOCUMENTATION_COMMENTS = YES;
				CLANG_WARN_EMPTY_BODY = YES;
				CLANG_WARN_ENUM_CONVERSION = YES;
				CLANG_WARN_INFINITE_RECURSION = YES;
				CLANG_WARN_INT_CONVERSION = YES;
				CLANG_WARN_NON_LITERAL_NULL_CONVERSION = YES;
				CLANG_WARN_OBJC_IMPLICIT_RETAIN_SELF = YES;
				CLANG_WARN_OBJC_LITERAL_CONVERSION = YES;
				CLANG_WARN_OBJC_ROOT_CLASS = YES_ERROR;
				CLANG_WARN_QUOTED_INCLUDE_IN_FRAMEWORK_HEADER = YES;
				CLANG_WARN_RANGE_LOOP_ANALYSIS = YES;
				CLANG_WARN_STRICT_PROTOTYPES = YES;
				CLANG_WARN_SUSPICIOUS_MOVE = YES;
				CLANG_WARN_UNGUARDED_AVAILABILITY = YES_AGGRESSIVE;
				CLANG_WARN_UNREACHABLE_CODE = YES;
				CLANG_WARN__DUPLICATE_METHOD_MATCH = YES;
				COPY_PHASE_STRIP = NO;
				DEBUG_INFORMATION_FORMAT = "dwarf-with-dsym";
				ENABLE_NS_ASSERTIONS = NO;
				ENABLE_STRICT_OBJC_MSGSEND = YES;
				GCC_C_LANGUAGE_STANDARD = gnu11;
				GCC_NO_COMMON_BLOCKS = YES;
				GCC_WARN_64_TO_32_BIT_CONVERSION = YES;
				GCC_WARN_ABOUT_RETURN_TYPE = YES_ERROR;
				GCC_WARN_UNDECLARED_SELECTOR = YES;
				GCC_WARN_UNINITIALIZED_AUTOS = YES_AGGRESSIVE;
				GCC_WARN_UNUSED_FUNCTION = YES;
				GCC_WARN_UNUSED_VARIABLE = YES;
				MACOSX_DEPLOYMENT_TARGET = 13.1;
				MTL_ENABLE_DEBUG_INFO = NO;
				MTL_FAST_MATH = YES;
				SDKROOT = macosx;
			};
			name = Release;
		};
		27AA27F72970833900BF17A5 /* Debug */ = {
			isa = XCBuildConfiguration;
			buildSettings = {
				CODE_SIGN_STYLE = Automatic;
				DEVELOPMENT_TEAM = Z62S7RW88Y;
				ENABLE_HARDENED_RUNTIME = YES;
				PRODUCT_NAME = "$(TARGET_NAME)";
			};
			name = Debug;
		};
		27AA27F82970833900BF17A5 /* Release */ = {
			isa = XCBuildConfiguration;
			buildSettings = {
				CODE_SIGN_STYLE = Automatic;
				DEVELOPMENT_TEAM = Z62S7RW88Y;
				ENABLE_HARDENED_RUNTIME = YES;
				PRODUCT_NAME = "$(TARGET_NAME)";
			};
			name = Release;
		};
/* End XCBuildConfiguration section */

/* Begin XCConfigurationList section */
		27AA27EA2970833900BF17A5 /* Build configuration list for PBXProject "smol_world" */ = {
			isa = XCConfigurationList;
			buildConfigurations = (
				27AA27F42970833900BF17A5 /* Debug */,
				27AA27F52970833900BF17A5 /* Release */,
			);
			defaultConfigurationIsVisible = 0;
			defaultConfigurationName = Release;
		};
		27AA27F62970833900BF17A5 /* Build configuration list for PBXNativeTarget "smol_world" */ = {
			isa = XCConfigurationList;
			buildConfigurations = (
				27AA27F72970833900BF17A5 /* Debug */,
				27AA27F82970833900BF17A5 /* Release */,
			);
			defaultConfigurationIsVisible = 0;
			defaultConfigurationName = Release;
		};
/* End XCConfigurationList section */
	};
	rootObject = 27AA27E72970833900BF17A5 /* Project object */;
}
